{
    "_meta": {
        "hash": {
            "sha256": "a1f6236ef582793a84c03d00a7a4828a49fb8bbcaa3599a3bc2081c88671c9b6"
        },
        "pipfile-spec": 6,
        "requires": {
            "python_version": "3.12"
        },
        "sources": [
            {
                "name": "pypi",
                "url": "https://pypi.org/simple",
                "verify_ssl": true
            }
        ]
    },
    "default": {},
    "develop": {}
}
